
Microsoft Visual Studio Solution File, Format Version 12.00
# Visual Studio Version 17
VisualStudioVersion = 17.13.35828.75 d17.13
MinimumVisualStudioVersion = 10.0.40219.1
Project("{FAE04EC0-301F-11D3-BF4B-00C04F79EFBC}") = "AssetManagementSystem", "AssetManagementSystem.csproj", "{79B7D380-30C3-4130-A53F-45572BC986E4}"
EndProject
Project("{FAE04EC0-301F-11D3-BF4B-00C04F79EFBC}") = "AssetManagementConsole", "..\AssetManagementConsole\AssetManagementConsole.csproj", "{D23AA366-52E8-C9F0-9B30-DB6006451085}"
EndProject
Project("{FAE04EC0-301F-11D3-BF4B-00C04F79EFBC}") = "AssetManagementDaoLibrary", "..\AssetManagementDao\AssetManagementDaoLibrary.csproj", "{FA187B53-F49B-E1DB-259A-BC279C909BEE}"
EndProject
Project("{FAE04EC0-301F-11D3-BF4B-00C04F79EFBC}") = "AssetManagementEntityLibrary", "..\AssetManagementEntity\AssetManagementEntityLibrary.csproj", "{27CBA02A-F84E-E343-A27F-9CE7A3B7DF3C}"
EndProject
Project("{FAE04EC0-301F-11D3-BF4B-00C04F79EFBC}") = "AssetManagementExceptionLibrary", "..\AssetManagementException\AssetManagementExceptionLibrary.csproj", "{3ACFCBBD-FD6E-0B9C-4A2B-67DDBCDC1571}"
EndProject
Project("{FAE04EC0-301F-11D3-BF4B-00C04F79EFBC}") = "AssetManagementUtilLibrary", "..\AssetManagementUtilLibrary\AssetManagementUtilLibrary.csproj", "{10E09BA8-3D83-6D0C-1B30-74A69068BEE6}"
EndProject
Project("{FAE04EC0-301F-11D3-BF4B-00C04F79EFBC}") = "TestProject", "..\TestProject\TestProject.csproj", "{948518DB-4494-028A-BD24-3AC3123EB742}"
EndProject
Global
	GlobalSection(SolutionConfigurationPlatforms) = preSolution
		Debug|Any CPU = Debug|Any CPU
		Release|Any CPU = Release|Any CPU
	EndGlobalSection
	GlobalSection(ProjectConfigurationPlatforms) = postSolution
		{79B7D380-30C3-4130-A53F-45572BC986E4}.Debug|Any CPU.ActiveCfg = Debug|Any CPU
		{79B7D380-30C3-4130-A53F-45572BC986E4}.Debug|Any CPU.Build.0 = Debug|Any CPU
		{79B7D380-30C3-4130-A53F-45572BC986E4}.Release|Any CPU.ActiveCfg = Release|Any CPU
		{79B7D380-30C3-4130-A53F-45572BC986E4}.Release|Any CPU.Build.0 = Release|Any CPU
		{D23AA366-52E8-C9F0-9B30-DB6006451085}.Debug|Any CPU.ActiveCfg = Debug|Any CPU
		{D23AA366-52E8-C9F0-9B30-DB6006451085}.Debug|Any CPU.Build.0 = Debug|Any CPU
		{D23AA366-52E8-C9F0-9B30-DB6006451085}.Release|Any CPU.ActiveCfg = Release|Any CPU
		{D23AA366-52E8-C9F0-9B30-DB6006451085}.Release|Any CPU.Build.0 = Release|Any CPU
		{FA187B53-F49B-E1DB-259A-BC279C909BEE}.Debug|Any CPU.ActiveCfg = Debug|Any CPU
		{FA187B53-F49B-E1DB-259A-BC279C909BEE}.Debug|Any CPU.Build.0 = Debug|Any CPU
		{FA187B53-F49B-E1DB-259A-BC279C909BEE}.Release|Any CPU.ActiveCfg = Release|Any CPU
		{FA187B53-F49B-E1DB-259A-BC279C909BEE}.Release|Any CPU.Build.0 = Release|Any CPU
		{27CBA02A-F84E-E343-A27F-9CE7A3B7DF3C}.Debug|Any CPU.ActiveCfg = Debug|Any CPU
		{27CBA02A-F84E-E343-A27F-9CE7A3B7DF3C}.Debug|Any CPU.Build.0 = Debug|Any CPU
		{27CBA02A-F84E-E343-A27F-9CE7A3B7DF3C}.Release|Any CPU.ActiveCfg = Release|Any CPU
		{27CBA02A-F84E-E343-A27F-9CE7A3B7DF3C}.Release|Any CPU.Build.0 = Release|Any CPU
		{3ACFCBBD-FD6E-0B9C-4A2B-67DDBCDC1571}.Debug|Any CPU.ActiveCfg = Debug|Any CPU
		{3ACFCBBD-FD6E-0B9C-4A2B-67DDBCDC1571}.Debug|Any CPU.Build.0 = Debug|Any CPU
		{3ACFCBBD-FD6E-0B9C-4A2B-67DDBCDC1571}.Release|Any CPU.ActiveCfg = Release|Any CPU
		{3ACFCBBD-FD6E-0B9C-4A2B-67DDBCDC1571}.Release|Any CPU.Build.0 = Release|Any CPU
		{10E09BA8-3D83-6D0C-1B30-74A69068BEE6}.Debug|Any CPU.ActiveCfg = Debug|Any CPU
		{10E09BA8-3D83-6D0C-1B30-74A69068BEE6}.Debug|Any CPU.Build.0 = Debug|Any CPU
		{10E09BA8-3D83-6D0C-1B30-74A69068BEE6}.Release|Any CPU.ActiveCfg = Release|Any CPU
		{10E09BA8-3D83-6D0C-1B30-74A69068BEE6}.Release|Any CPU.Build.0 = Release|Any CPU
		{948518DB-4494-028A-BD24-3AC3123EB742}.Debug|Any CPU.ActiveCfg = Debug|Any CPU
		{948518DB-4494-028A-BD24-3AC3123EB742}.Debug|Any CPU.Build.0 = Debug|Any CPU
		{948518DB-4494-028A-BD24-3AC3123EB742}.Release|Any CPU.ActiveCfg = Release|Any CPU
		{948518DB-4494-028A-BD24-3AC3123EB742}.Release|Any CPU.Build.0 = Release|Any CPU
	EndGlobalSection
	GlobalSection(SolutionProperties) = preSolution
		HideSolutionNode = FALSE
	EndGlobalSection
	GlobalSection(ExtensibilityGlobals) = postSolution
		SolutionGuid = {15D5718F-2AAF-47E8-B743-17DC68C1B502}
	EndGlobalSection
EndGlobal
